{
  "pins" : [
    {
      "identity" : "alamofire",
      "kind" : "remoteSourceControl",
      "location" : "https://github.com/Alamofire/Alamofire.git",
      "state" : {
        "revision" : "3dc6a42c7727c49bf26508e29b0a0b35f9c7e1ad",
        "version" : "5.8.1"
      }
    },
    {
      "identity" : "cachedimage",
      "kind" : "remoteSourceControl",
      "location" : "https://github.com/leoz/CachedImage.git",
      "state" : {
        "revision" : "e41ded5c5f9a0ff442b228e83bf082b6ff5a8ba1",
        "version" : "0.0.8"
      }
    }
  ],
  "version" : 2
}
